
Microsoft Visual Studio Solution File, Format Version 12.00
# Visual Studio 15
VisualStudioVersion = 15.0.28307.168
MinimumVisualStudioVersion = 10.0.40219.1
Project("{9A19103F-16F7-4668-BE54-9A1E7A4F7556}") = "ToDoList_WebApi", "ToDoList_WebApi\ToDoList_WebApi.csproj", "{031CCCA2-1D75-42BA-A4AD-E5A2173066CD}"
EndProject
Project("{9A19103F-16F7-4668-BE54-9A1E7A4F7556}") = "ToDoList.DAL", "ToDoList.DAL\ToDoList.DAL.csproj", "{BAD04E1C-4CA5-47BD-AE86-C7EF2B393179}"
EndProject
Project("{9A19103F-16F7-4668-BE54-9A1E7A4F7556}") = "ToDoList.BLL", "ToDoList.BLL\ToDoList.BLL.csproj", "{ED7BCBE5-5D99-4CEC-8C10-D40546E11765}"
EndProject
Global
	GlobalSection(SolutionConfigurationPlatforms) = preSolution
		Debug|Any CPU = Debug|Any CPU
		Release|Any CPU = Release|Any CPU
	EndGlobalSection
	GlobalSection(ProjectConfigurationPlatforms) = postSolution
		{031CCCA2-1D75-42BA-A4AD-E5A2173066CD}.Debug|Any CPU.ActiveCfg = Debug|Any CPU
		{031CCCA2-1D75-42BA-A4AD-E5A2173066CD}.Debug|Any CPU.Build.0 = Debug|Any CPU
		{031CCCA2-1D75-42BA-A4AD-E5A2173066CD}.Release|Any CPU.ActiveCfg = Release|Any CPU
		{031CCCA2-1D75-42BA-A4AD-E5A2173066CD}.Release|Any CPU.Build.0 = Release|Any CPU
		{BAD04E1C-4CA5-47BD-AE86-C7EF2B393179}.Debug|Any CPU.ActiveCfg = Debug|Any CPU
		{BAD04E1C-4CA5-47BD-AE86-C7EF2B393179}.Debug|Any CPU.Build.0 = Debug|Any CPU
		{BAD04E1C-4CA5-47BD-AE86-C7EF2B393179}.Release|Any CPU.ActiveCfg = Release|Any CPU
		{BAD04E1C-4CA5-47BD-AE86-C7EF2B393179}.Release|Any CPU.Build.0 = Release|Any CPU
		{ED7BCBE5-5D99-4CEC-8C10-D40546E11765}.Debug|Any CPU.ActiveCfg = Debug|Any CPU
		{ED7BCBE5-5D99-4CEC-8C10-D40546E11765}.Debug|Any CPU.Build.0 = Debug|Any CPU
		{ED7BCBE5-5D99-4CEC-8C10-D40546E11765}.Release|Any CPU.ActiveCfg = Release|Any CPU
		{ED7BCBE5-5D99-4CEC-8C10-D40546E11765}.Release|Any CPU.Build.0 = Release|Any CPU
	EndGlobalSection
	GlobalSection(SolutionProperties) = preSolution
		HideSolutionNode = FALSE
	EndGlobalSection
	GlobalSection(ExtensibilityGlobals) = postSolution
		SolutionGuid = {FF39669F-5A3D-40F4-AB49-7DD042EDB8D6}
	EndGlobalSection
EndGlobal
